{
  "name": "@patternfly/rh-edmund-abbott",
  "version": "1.0.0-prerelease.10",
  "lockfileVersion": 1,
  "requires": true,
  "dependencies": {
    "@patternfly/pfelement": {
      "version": "1.0.0-prerelease.9",
      "resolved": "https://registry.npmjs.org/@patternfly/pfelement/-/pfelement-1.0.0-prerelease.9.tgz",
      "integrity": "sha512-dgwj6IHzWXuDuvSYQYfKuqXAKsQNwIiugIFvIUzyMFLCPMbBiya95zd47wu2s4Bk3qoCaWKxcj0v14P0hMFcyQ=="
    },
    "xStore": {
      "version": "2.0.5",
      "resolved": "https://registry.npmjs.org/xStore/-/xStore-2.0.5.tgz",
      "integrity": "sha512-uxKhR0PgBo0JiIbDxDs9UBTqjp5Du+lODv9TAyufkXSlvyquZyyVH6pnoeQr6NcbRVB75LtS8LQfO8gDo8ZN5A=="
    }
  }
}
