{
  "name": "@rhcp/rh-edmund-abbott",
  "version": "1.0.0-prerelease.14",
  "lockfileVersion": 1,
  "requires": true,
  "dependencies": {
    "@patternfly/pfelement": {
      "version": "1.0.0-prerelease.11",
      "resolved": "https://registry.npmjs.org/@patternfly/pfelement/-/pfelement-1.0.0-prerelease.11.tgz",
      "integrity": "sha512-96m+t7w7ZjwIbZIdWh/r0ripPE+UPb+TKfbgQ6eKEUeRGO7pMR2ye+sCpktv4UfgjlP041Mow7kwFVWsXw6J+w=="
    }
  }
}
